
Microsoft Visual Studio Solution File, Format Version 12.00
# Visual Studio 15
VisualStudioVersion = 15.0.26124.0
MinimumVisualStudioVersion = 15.0.26124.0
Project("{2150E333-8FDC-42A3-9474-1A3956D46DE8}") = "src", "src", "{65993A9A-EA93-4DC6-8E6E-9A826F0E5000}"
EndProject
Project("{FAE04EC0-301F-11D3-BF4B-00C04F79EFBC}") = "FunctionsApp", "src\FunctionsApp\FunctionsApp.csproj", "{B06CDE8E-D43F-417D-B168-EFC579F87EBB}"
EndProject
Project("{F2A71F9B-5D33-465A-A702-920D77279786}") = "FSharpLib", "src\FSharpLib\FSharpLib.fsproj", "{A479EE2C-AF96-4542-B9C7-5AB63131F09B}"
EndProject
Project("{FAE04EC0-301F-11D3-BF4B-00C04F79EFBC}") = "CSharpLib", "src\CSharpLib\CSharpLib.csproj", "{98F8BBC6-8AD4-43F3-AF47-1814CC70C8E5}"
EndProject
Global
	GlobalSection(SolutionConfigurationPlatforms) = preSolution
		Debug|Any CPU = Debug|Any CPU
		Debug|x64 = Debug|x64
		Debug|x86 = Debug|x86
		Release|Any CPU = Release|Any CPU
		Release|x64 = Release|x64
		Release|x86 = Release|x86
	EndGlobalSection
	GlobalSection(SolutionProperties) = preSolution
		HideSolutionNode = FALSE
	EndGlobalSection
	GlobalSection(ProjectConfigurationPlatforms) = postSolution
		{B06CDE8E-D43F-417D-B168-EFC579F87EBB}.Debug|Any CPU.ActiveCfg = Debug|Any CPU
		{B06CDE8E-D43F-417D-B168-EFC579F87EBB}.Debug|Any CPU.Build.0 = Debug|Any CPU
		{B06CDE8E-D43F-417D-B168-EFC579F87EBB}.Debug|x64.ActiveCfg = Debug|x64
		{B06CDE8E-D43F-417D-B168-EFC579F87EBB}.Debug|x64.Build.0 = Debug|x64
		{B06CDE8E-D43F-417D-B168-EFC579F87EBB}.Debug|x86.ActiveCfg = Debug|x86
		{B06CDE8E-D43F-417D-B168-EFC579F87EBB}.Debug|x86.Build.0 = Debug|x86
		{B06CDE8E-D43F-417D-B168-EFC579F87EBB}.Release|Any CPU.ActiveCfg = Release|Any CPU
		{B06CDE8E-D43F-417D-B168-EFC579F87EBB}.Release|Any CPU.Build.0 = Release|Any CPU
		{B06CDE8E-D43F-417D-B168-EFC579F87EBB}.Release|x64.ActiveCfg = Release|x64
		{B06CDE8E-D43F-417D-B168-EFC579F87EBB}.Release|x64.Build.0 = Release|x64
		{B06CDE8E-D43F-417D-B168-EFC579F87EBB}.Release|x86.ActiveCfg = Release|x86
		{B06CDE8E-D43F-417D-B168-EFC579F87EBB}.Release|x86.Build.0 = Release|x86
		{A479EE2C-AF96-4542-B9C7-5AB63131F09B}.Debug|Any CPU.ActiveCfg = Debug|Any CPU
		{A479EE2C-AF96-4542-B9C7-5AB63131F09B}.Debug|Any CPU.Build.0 = Debug|Any CPU
		{A479EE2C-AF96-4542-B9C7-5AB63131F09B}.Debug|x64.ActiveCfg = Debug|x64
		{A479EE2C-AF96-4542-B9C7-5AB63131F09B}.Debug|x64.Build.0 = Debug|x64
		{A479EE2C-AF96-4542-B9C7-5AB63131F09B}.Debug|x86.ActiveCfg = Debug|x86
		{A479EE2C-AF96-4542-B9C7-5AB63131F09B}.Debug|x86.Build.0 = Debug|x86
		{A479EE2C-AF96-4542-B9C7-5AB63131F09B}.Release|Any CPU.ActiveCfg = Release|Any CPU
		{A479EE2C-AF96-4542-B9C7-5AB63131F09B}.Release|Any CPU.Build.0 = Release|Any CPU
		{A479EE2C-AF96-4542-B9C7-5AB63131F09B}.Release|x64.ActiveCfg = Release|x64
		{A479EE2C-AF96-4542-B9C7-5AB63131F09B}.Release|x64.Build.0 = Release|x64
		{A479EE2C-AF96-4542-B9C7-5AB63131F09B}.Release|x86.ActiveCfg = Release|x86
		{A479EE2C-AF96-4542-B9C7-5AB63131F09B}.Release|x86.Build.0 = Release|x86
		{98F8BBC6-8AD4-43F3-AF47-1814CC70C8E5}.Debug|Any CPU.ActiveCfg = Debug|Any CPU
		{98F8BBC6-8AD4-43F3-AF47-1814CC70C8E5}.Debug|Any CPU.Build.0 = Debug|Any CPU
		{98F8BBC6-8AD4-43F3-AF47-1814CC70C8E5}.Debug|x64.ActiveCfg = Debug|x64
		{98F8BBC6-8AD4-43F3-AF47-1814CC70C8E5}.Debug|x64.Build.0 = Debug|x64
		{98F8BBC6-8AD4-43F3-AF47-1814CC70C8E5}.Debug|x86.ActiveCfg = Debug|x86
		{98F8BBC6-8AD4-43F3-AF47-1814CC70C8E5}.Debug|x86.Build.0 = Debug|x86
		{98F8BBC6-8AD4-43F3-AF47-1814CC70C8E5}.Release|Any CPU.ActiveCfg = Release|Any CPU
		{98F8BBC6-8AD4-43F3-AF47-1814CC70C8E5}.Release|Any CPU.Build.0 = Release|Any CPU
		{98F8BBC6-8AD4-43F3-AF47-1814CC70C8E5}.Release|x64.ActiveCfg = Release|x64
		{98F8BBC6-8AD4-43F3-AF47-1814CC70C8E5}.Release|x64.Build.0 = Release|x64
		{98F8BBC6-8AD4-43F3-AF47-1814CC70C8E5}.Release|x86.ActiveCfg = Release|x86
		{98F8BBC6-8AD4-43F3-AF47-1814CC70C8E5}.Release|x86.Build.0 = Release|x86
	EndGlobalSection
	GlobalSection(NestedProjects) = preSolution
		{B06CDE8E-D43F-417D-B168-EFC579F87EBB} = {65993A9A-EA93-4DC6-8E6E-9A826F0E5000}
		{A479EE2C-AF96-4542-B9C7-5AB63131F09B} = {65993A9A-EA93-4DC6-8E6E-9A826F0E5000}
		{98F8BBC6-8AD4-43F3-AF47-1814CC70C8E5} = {65993A9A-EA93-4DC6-8E6E-9A826F0E5000}
	EndGlobalSection
EndGlobal
